<?xml version="1.0" encoding="utf-8"?>
<Project ToolsVersion="4.0" xmlns="http://schemas.microsoft.com/developer/msbuild/2003">
  <ItemGroup>
    <ClCompile Include="main.cpp" />
    <ClCompile Include="bitflow\model\Network.cpp">
      <Filter>bitflow\model</Filter>
    </ClCompile>
    <ClCompile Include="bitflow\model\World.cpp">
      <Filter>bitflow\model</Filter>
    </ClCompile>
    <ClCompile Include="bitflow\model\Agent.cpp">
      <Filter>bitflow\model</Filter>
    </ClCompile>
    <ClCompile Include="bitflow\view\NetworkView.cpp">
      <Filter>bitflow\view</Filter>
    </ClCompile>
    <ClCompile Include="bitflow\view\WorldView.cpp">
      <Filter>bitflow\view</Filter>
    </ClCompile>
    <ClCompile Include="bitflow\model\Frame.cpp">
      <Filter>bitflow\model</Filter>
    </ClCompile>
    <ClCompile Include="bitflow\model\Node.cpp">
      <Filter>bitflow\model</Filter>
    </ClCompile>
    <ClCompile Include="bitflow\model\Link.cpp">
      <Filter>bitflow\model</Filter>
    </ClCompile>
    <ClCompile Include="bitflow\model\SerializationGraphML.cpp">
      <Filter>bitflow\model</Filter>
    </ClCompile>
    <ClCompile Include="bitflow\view\AgentView.cpp">
      <Filter>bitflow\view</Filter>
    </ClCompile>
  </ItemGroup>
  <ItemGroup>
    <None Include="packages.config" />
  </ItemGroup>
  <ItemGroup>
    <Filter Include="bitflow">
      <UniqueIdentifier>{9e92c385-518e-492e-8644-ebf5b087fd9b}</UniqueIdentifier>
    </Filter>
    <Filter Include="bitflow\model">
      <UniqueIdentifier>{e2c34ade-4f93-4a3d-9566-aaefe101b8de}</UniqueIdentifier>
    </Filter>
    <Filter Include="bitflow\view">
      <UniqueIdentifier>{83fe4ba8-fccf-4b43-bc2b-abde0e3a7f5b}</UniqueIdentifier>
    </Filter>
    <Filter Include="foundation">
      <UniqueIdentifier>{1fe24f75-4f68-43bf-be51-4b212b6c9919}</UniqueIdentifier>
    </Filter>
  </ItemGroup>
  <ItemGroup>
    <ClInclude Include="bitflow\model\Network.h">
      <Filter>bitflow\model</Filter>
    </ClInclude>
    <ClInclude Include="bitflow\model\Types.h">
      <Filter>bitflow\model</Filter>
    </ClInclude>
    <ClInclude Include="foundation\Reflection.h">
      <Filter>foundation</Filter>
    </ClInclude>
    <ClInclude Include="bitflow\model\Agent.h">
      <Filter>bitflow\model</Filter>
    </ClInclude>
    <ClInclude Include="bitflow\model\World.h">
      <Filter>bitflow\model</Filter>
    </ClInclude>
    <ClInclude Include="bitflow\model\NetworkDefs.h">
      <Filter>bitflow\model</Filter>
    </ClInclude>
    <ClInclude Include="bitflow\model\Frame.h">
      <Filter>bitflow\model</Filter>
    </ClInclude>
    <ClInclude Include="bitflow\view\NetworkView.h">
      <Filter>bitflow\view</Filter>
    </ClInclude>
    <ClInclude Include="bitflow\view\ViewUtils.h">
      <Filter>bitflow\view</Filter>
    </ClInclude>
    <ClInclude Include="bitflow\view\WorldView.h">
      <Filter>bitflow\view</Filter>
    </ClInclude>
    <ClInclude Include="bitflow\model\Node.h">
      <Filter>bitflow\model</Filter>
    </ClInclude>
    <ClInclude Include="bitflow\model\Link.h">
      <Filter>bitflow\model</Filter>
    </ClInclude>
    <ClInclude Include="bitflow\model\SerializationGraphML.h">
      <Filter>bitflow\model</Filter>
    </ClInclude>
    <ClInclude Include="bitflow\view\AgentView.h">
      <Filter>bitflow\view</Filter>
    </ClInclude>
  </ItemGroup>
</Project>